# This file is automatically @generated by Poetry 1.7.1 and should not be changed by hand.

[[package]]
name = "importlib-metadata"
version = "7.0.2"
description = "Read metadata from Python packages"
optional = false
python-versions = ">=3.8"
files = [
    {file = "importlib_metadata-7.0.2-py3-none-any.whl", hash = "sha256:f4bc4c0c070c490abf4ce96d715f68e95923320370efb66143df00199bb6c100"},
    {file = "importlib_metadata-7.0.2.tar.gz", hash = "sha256:198f568f3230878cb1b44fbd7975f87906c22336dba2e4a7f05278c281fbd792"},
]

[package.dependencies]
zipp = ">=0.5"

[package.extras]
docs = ["furo", "jaraco.packaging (>=9.3)", "jaraco.tidelift (>=1.4)", "rst.linker (>=1.9)", "sphinx (>=3.5)", "sphinx-lint"]
perf = ["ipython"]
testing = ["flufl.flake8", "importlib-resources (>=1.3)", "packaging", "pyfakefs", "pytest (>=6)", "pytest-checkdocs (>=2.4)", "pytest-cov", "pytest-enabler (>=2.2)", "pytest-mypy", "pytest-perf (>=0.9.2)", "pytest-ruff (>=0.2.1)"]

[package.source]
type = "legacy"
url = "http://mirrors.aliyun.com/pypi/simple"
reference = "aliyun"

[[package]]
name = "polars"
version = "0.20.14"
description = ""
optional = false
python-versions = "*"
files = [
    {file = "polars-0.20.14-cp38-abi3-macosx_10_12_x86_64.whl", hash = "sha256:ed6184584fd43db73098ab6dcac636c540016e7620a2647b0ab93703fc5dfa2d"},
    {file = "polars-0.20.14-cp38-abi3-macosx_11_0_arm64.whl", hash = "sha256:7c23fee3b9838530dd5c39c189d8ba142601b46a66a70f5fbcda4a7adca26709"},
    {file = "polars-0.20.14-cp38-abi3-manylinux_2_17_x86_64.manylinux2014_x86_64.whl", hash = "sha256:1d4ba27827c037f03bca1b81cac3e191f4b89522d2de532ab38d3ba5d2f02d9c"},
    {file = "polars-0.20.14-cp38-abi3-manylinux_2_24_aarch64.whl", hash = "sha256:04096fe285aea2adbb783969993494e4997426f7ac5586c76623fd41a86b531f"},
    {file = "polars-0.20.14-cp38-abi3-win_amd64.whl", hash = "sha256:a46b6c78b58358ff15fbdf623abe8816cb806a01932e6a564375ceaaa8094479"},
    {file = "polars-0.20.14.tar.gz", hash = "sha256:ce32c2cd2382bc42a0955005235020200d87c044ea0639bc1d5ba3a8faa69b80"},
]

[package.source]
type = "legacy"
url = "http://mirrors.aliyun.com/pypi/simple"
reference = "aliyun"

[[package]]
name = "python-dateutil"
version = "2.9.0.post0"
description = "Extensions to the standard Python datetime module"
optional = false
python-versions = "!=3.0.*,!=3.1.*,!=3.2.*,>=2.7"
files = [
    {file = "python-dateutil-2.9.0.post0.tar.gz", hash = "sha256:37dd54208da7e1cd875388217d5e00ebd4179249f90fb72437e91a35459a0ad3"},
    {file = "python_dateutil-2.9.0.post0-py2.py3-none-any.whl", hash = "sha256:a8b2bc7bffae282281c8140a97d3aa9c14da0b136dfe83f850eea9a5f7470427"},
]

[package.dependencies]
six = ">=1.5"

[package.source]
type = "legacy"
url = "http://mirrors.aliyun.com/pypi/simple"
reference = "aliyun"

[[package]]
name = "six"
version = "1.16.0"
description = "Python 2 and 3 compatibility utilities"
optional = false
python-versions = ">=2.7, !=3.0.*, !=3.1.*, !=3.2.*"
files = [
    {file = "six-1.16.0-py2.py3-none-any.whl", hash = "sha256:8abb2f1d86890a2dfb989f9a77cfcfd3e47c2a354b01111771326f8aa26e0254"},
    {file = "six-1.16.0.tar.gz", hash = "sha256:1e61c37477a1626458e36f7b1d82aa5c9b094fa4802892072e49de9c60c4c926"},
]

[package.source]
type = "legacy"
url = "http://mirrors.aliyun.com/pypi/simple"
reference = "aliyun"

[[package]]
name = "visidata"
version = "3.0.2"
description = "terminal interface for exploring and arranging tabular data"
optional = false
python-versions = ">=3.7"
files = [
    {file = "visidata-3.0.2-py3-none-any.whl", hash = "sha256:30275fcd90294ecdb0d024e24bd655b7787a2ca367d64ea181f15fb470f74c38"},
    {file = "visidata-3.0.2.tar.gz", hash = "sha256:38c38df08c1b48dde5f9ae1bdb02cb19f70acf0461d0e85cb14f9c002a77c05a"},
]

[package.dependencies]
importlib-metadata = ">=3.6"
python-dateutil = "*"
windows-curses = {version = "!=2.3.1", markers = "platform_system == \"Windows\""}

[package.extras]
test = ["Faker", "h5py", "odfpy", "openpyxl", "pandas", "pytest", "tabulate", "tomli", "wcwidth"]

[package.source]
type = "legacy"
url = "http://mirrors.aliyun.com/pypi/simple"
reference = "aliyun"

[[package]]
name = "windows-curses"
version = "2.3.2"
description = "Support for the standard curses module on Windows"
optional = false
python-versions = "*"
files = [
    {file = "windows_curses-2.3.2-cp310-cp310-win32.whl", hash = "sha256:0286d35c9a2589731af3cf2b1251635a400f4b61aef2b9c081f6c98e7887a170"},
    {file = "windows_curses-2.3.2-cp310-cp310-win_amd64.whl", hash = "sha256:b5e68520c7e92dff72914e4126cadb5b8eb3b6c968d955de6d35ff42306da8c0"},
    {file = "windows_curses-2.3.2-cp311-cp311-win32.whl", hash = "sha256:95d2a288af6172270da5ca9225aa99eeae98595c6e90f3574aa9b9f2fc1d2619"},
    {file = "windows_curses-2.3.2-cp311-cp311-win_amd64.whl", hash = "sha256:9b7ecd0f21f643e22a979effff25f62200626bb9853ea8b9aacf0bbcaab0950d"},
    {file = "windows_curses-2.3.2-cp312-cp312-win32.whl", hash = "sha256:4546122f5bec2fb46c1706c020d971bcfc4d9a5158372f25ba7472a834b0f165"},
    {file = "windows_curses-2.3.2-cp312-cp312-win_amd64.whl", hash = "sha256:e3f27939f39143c513f444a8c0419b2737e8de55fbe5d63d765992512125366d"},
    {file = "windows_curses-2.3.2-cp36-cp36m-win32.whl", hash = "sha256:a570f744a62108d024a7775b3b156b2ae2380fc971237c3bd2742341e7151f22"},
    {file = "windows_curses-2.3.2-cp36-cp36m-win_amd64.whl", hash = "sha256:f81294465a67e43ddc50c1b52711b100b002fa1238f87d84d0cf94b785c4fe75"},
    {file = "windows_curses-2.3.2-cp37-cp37m-win32.whl", hash = "sha256:72ff5d8963fbb3aa662bfced2c5ea22dc3ed58bac827a3bff74a1de5eacdbe57"},
    {file = "windows_curses-2.3.2-cp37-cp37m-win_amd64.whl", hash = "sha256:70d8cb4ddad43f695a266f79c7a31d40ac8aee2a17cf8e06ecfd4a71589ad30d"},
    {file = "windows_curses-2.3.2-cp38-cp38-win32.whl", hash = "sha256:6bc698058081408685975256f46f570c32f8d7e1f4f82f9d6c66c300c6daff89"},
    {file = "windows_curses-2.3.2-cp38-cp38-win_amd64.whl", hash = "sha256:f73bfd283f86d3ac0a72b74307ccc99ea0fd008a732d80db95d31fbafeee3c66"},
    {file = "windows_curses-2.3.2-cp39-cp39-win32.whl", hash = "sha256:e4ec5245f0c00ede45b033a885511eea80d5928c9bd3ceb523fbfb086370a4df"},
    {file = "windows_curses-2.3.2-cp39-cp39-win_amd64.whl", hash = "sha256:00d5d000b68db38bd97b6a5b90ee4b4c915a7cef7492fc5aa9ecc7794ee2ca93"},
]

[package.source]
type = "legacy"
url = "http://mirrors.aliyun.com/pypi/simple"
reference = "aliyun"

[[package]]
name = "xlsx2csv"
version = "0.8.2"
description = "xlsx to csv converter"
optional = false
python-versions = "*"
files = [
    {file = "xlsx2csv-0.8.2.tar.gz", hash = "sha256:cdd272c82f8b32f1cee76aeaef87b2ee3549661fddf90f7ecf2310967a16fc84"},
]

[package.source]
type = "legacy"
url = "http://mirrors.aliyun.com/pypi/simple"
reference = "aliyun"

[[package]]
name = "zipp"
version = "3.17.0"
description = "Backport of pathlib-compatible object wrapper for zip files"
optional = false
python-versions = ">=3.8"
files = [
    {file = "zipp-3.17.0-py3-none-any.whl", hash = "sha256:0e923e726174922dce09c53c59ad483ff7bbb8e572e00c7f7c46b88556409f31"},
    {file = "zipp-3.17.0.tar.gz", hash = "sha256:84e64a1c28cf7e91ed2078bb8cc8c259cb19b76942096c8d7b84947690cabaf0"},
]

[package.extras]
docs = ["furo", "jaraco.packaging (>=9.3)", "jaraco.tidelift (>=1.4)", "rst.linker (>=1.9)", "sphinx (<7.2.5)", "sphinx (>=3.5)", "sphinx-lint"]
testing = ["big-O", "jaraco.functools", "jaraco.itertools", "more-itertools", "pytest (>=6)", "pytest-black (>=0.3.7)", "pytest-checkdocs (>=2.4)", "pytest-cov", "pytest-enabler (>=2.2)", "pytest-ignore-flaky", "pytest-mypy (>=0.9.1)", "pytest-ruff"]

[package.source]
type = "legacy"
url = "http://mirrors.aliyun.com/pypi/simple"
reference = "aliyun"

[metadata]
lock-version = "2.0"
python-versions = "3.9.12"
content-hash = "a9da93d21a534333e7be2a9820e6fd675ed60fee4b94616ea2d9bee46a7ec735"
